<?xml version="1.0" encoding="utf-8"?>
<Project ToolsVersion="4.0" xmlns="http://schemas.microsoft.com/developer/msbuild/2003">
  <ItemGroup>
    <ClCompile Include="src\allocator2.cpp" />
  </ItemGroup>
  <ItemGroup>
    <ClInclude Include="include\allocator2.h" />
    <ClInclude Include="include\bmap.h" />
    <ClInclude Include="include\btree_checker.h" />
    <ClInclude Include="src\btree_core.h" />
    <ClInclude Include="include\span.h" />
    <ClInclude Include="include\darray.h" />
    <ClInclude Include="include\vrange.h" />
    <ClInclude Include="include\collib_concepts.h" />
    <ClInclude Include="include\collib_types.h" />
  </ItemGroup>
</Project>