<?xml version="1.0" encoding="utf-8"?>
<Project ToolsVersion="4.0" xmlns="http://schemas.microsoft.com/developer/msbuild/2003">
  <ItemGroup>
    <ClCompile Include="btree_tests.cpp" />
    <ClCompile Include="collib_tests_main.cpp" />
    <ClCompile Include="pch-collib-tests.cpp" />
    <ClCompile Include="span_tests.cpp" />
    <ClCompile Include="darray_tests.cpp" />
    <ClCompile Include="vrange_tests.cpp" />
    <ClCompile Include="views_tests.cpp" />
    <ClCompile Include="mem_check_fixture.cpp" />
    <ClCompile Include="life_cycle_object.cpp" />
    <ClCompile Include="collib_types_tests.cpp" />
    <ClCompile Include="allocators\arena_allocator_tests.cpp" />
    <ClCompile Include="allocators\stack_allocator_tests.cpp" />
    <ClCompile Include="allocators\lean_tree_allocator_tests.cpp" />
  </ItemGroup>
  <ItemGroup>
    <ClInclude Include="pch-collib-tests.h" />
    <ClInclude Include="mem_check_fixture.h" />
    <ClInclude Include="life_cycle_object.h" />
  </ItemGroup>
</Project>